// !$*UTF8*$!
{
	archiveVersion = 1;
	classes = {
	};
	objectVersion = 46;
	objects = {

/* Begin PBXBuildFile section */
		484A4A16F09F0A76A942329D /* libPods-MBProgressHUD-JDragonDemoUITests.a in Frameworks */ = {isa = PBXBuildFile; fileRef = EF721B59BDD928FB57668D6F /* libPods-MBProgressHUD-JDragonDemoUITests.a */; };
		5B82008C7E050950F08A4F71 /* libPods-MBProgressHUD-JDragonDemoTests.a in Frameworks */ = {isa = PBXBuildFile; fileRef = E58C9E5075BA95566C6D9996 /* libPods-MBProgressHUD-JDragonDemoTests.a */; };
		6916B30D1E2E1F43002B14E8 /* main.m in Sources */ = {isa = PBXBuildFile; fileRef = 6916B30C1E2E1F43002B14E8 /* main.m */; };
		6916B3101E2E1F43002B14E8 /* AppDelegate.m in Sources */ = {isa = PBXBuildFile; fileRef = 6916B30F1E2E1F43002B14E8 /* AppDelegate.m */; };
		6916B3131E2E1F43002B14E8 /* FirstViewController.m in Sources */ = {isa = PBXBuildFile; fileRef = 6916B3121E2E1F43002B14E8 /* FirstViewController.m */; };
		6916B3161E2E1F43002B14E8 /* SecondViewController.m in Sources */ = {isa = PBXBuildFile; fileRef = 6916B3151E2E1F43002B14E8 /* SecondViewController.m */; };
		6916B3191E2E1F43002B14E8 /* Main.storyboard in Resources */ = {isa = PBXBuildFile; fileRef = 6916B3171E2E1F43002B14E8 /* Main.storyboard */; };
		6916B31B1E2E1F43002B14E8 /* Assets.xcassets in Resources */ = {isa = PBXBuildFile; fileRef = 6916B31A1E2E1F43002B14E8 /* Assets.xcassets */; };
		6916B31E1E2E1F43002B14E8 /* LaunchScreen.storyboard in Resources */ = {isa = PBXBuildFile; fileRef = 6916B31C1E2E1F43002B14E8 /* LaunchScreen.storyboard */; };
		6916B3291E2E1F44002B14E8 /* MBProgressHUD_JDragonDemoTests.m in Sources */ = {isa = PBXBuildFile; fileRef = 6916B3281E2E1F44002B14E8 /* MBProgressHUD_JDragonDemoTests.m */; };
		6916B3341E2E1F44002B14E8 /* MBProgressHUD_JDragonDemoUITests.m in Sources */ = {isa = PBXBuildFile; fileRef = 6916B3331E2E1F44002B14E8 /* MBProgressHUD_JDragonDemoUITests.m */; };
		B35E2F44CA3FB1AA2BE8463E /* libPods-MBProgressHUD-JDragonDemo.a in Frameworks */ = {isa = PBXBuildFile; fileRef = 31DA54A6E5816685BA23C89E /* libPods-MBProgressHUD-JDragonDemo.a */; };
/* End PBXBuildFile section */

/* Begin PBXContainerItemProxy section */
		6916B3251E2E1F44002B14E8 /* PBXContainerItemProxy */ = {
			isa = PBXContainerItemProxy;
			containerPortal = 6916B3001E2E1F43002B14E8 /* Project object */;
			proxyType = 1;
			remoteGlobalIDString = 6916B3071E2E1F43002B14E8;
			remoteInfo = "MBProgressHUD-JDragonDemo";
		};
		6916B3301E2E1F44002B14E8 /* PBXContainerItemProxy */ = {
			isa = PBXContainerItemProxy;
			containerPortal = 6916B3001E2E1F43002B14E8 /* Project object */;
			proxyType = 1;
			remoteGlobalIDString = 6916B3071E2E1F43002B14E8;
			remoteInfo = "MBProgressHUD-JDragonDemo";
		};
/* End PBXContainerItemProxy section */

/* Begin PBXFileReference section */
		31DA54A6E5816685BA23C89E /* libPods-MBProgressHUD-JDragonDemo.a */ = {isa = PBXFileReference; explicitFileType = archive.ar; includeInIndex = 0; path = "libPods-MBProgressHUD-JDragonDemo.a"; sourceTree = BUILT_PRODUCTS_DIR; };
		3D98BA479526D31A6625160F /* Pods-MBProgressHUD-JDragonDemoUITests.release.xcconfig */ = {isa = PBXFileReference; includeInIndex = 1; lastKnownFileType = text.xcconfig; name = "Pods-MBProgressHUD-JDragonDemoUITests.release.xcconfig"; path = "Pods/Target Support Files/Pods-MBProgressHUD-JDragonDemoUITests/Pods-MBProgressHUD-JDragonDemoUITests.release.xcconfig"; sourceTree = "<group>"; };
		6916B3081E2E1F43002B14E8 /* MBProgressHUD-JDragonDemo.app */ = {isa = PBXFileReference; explicitFileType = wrapper.application; includeInIndex = 0; path = "MBProgressHUD-JDragonDemo.app"; sourceTree = BUILT_PRODUCTS_DIR; };
		6916B30C1E2E1F43002B14E8 /* main.m */ = {isa = PBXFileReference; lastKnownFileType = sourcecode.c.objc; path = main.m; sourceTree = "<group>"; };
		6916B30E1E2E1F43002B14E8 /* AppDelegate.h */ = {isa = PBXFileReference; lastKnownFileType = sourcecode.c.h; path = AppDelegate.h; sourceTree = "<group>"; };
		6916B30F1E2E1F43002B14E8 /* AppDelegate.m */ = {isa = PBXFileReference; lastKnownFileType = sourcecode.c.objc; path = AppDelegate.m; sourceTree = "<group>"; };
		6916B3111E2E1F43002B14E8 /* FirstViewController.h */ = {isa = PBXFileReference; lastKnownFileType = sourcecode.c.h; path = FirstViewController.h; sourceTree = "<group>"; };
		6916B3121E2E1F43002B14E8 /* FirstViewController.m */ = {isa = PBXFileReference; lastKnownFileType = sourcecode.c.objc; path = FirstViewController.m; sourceTree = "<group>"; };
		6916B3141E2E1F43002B14E8 /* SecondViewController.h */ = {isa = PBXFileReference; lastKnownFileType = sourcecode.c.h; path = SecondViewController.h; sourceTree = "<group>"; };
		6916B3151E2E1F43002B14E8 /* SecondViewController.m */ = {isa = PBXFileReference; lastKnownFileType = sourcecode.c.objc; path = SecondViewController.m; sourceTree = "<group>"; };
		6916B3181E2E1F43002B14E8 /* Base */ = {isa = PBXFileReference; lastKnownFileType = file.storyboard; name = Base; path = Base.lproj/Main.storyboard; sourceTree = "<group>"; };
		6916B31A1E2E1F43002B14E8 /* Assets.xcassets */ = {isa = PBXFileReference; lastKnownFileType = folder.assetcatalog; path = Assets.xcassets; sourceTree = "<group>"; };
		6916B31D1E2E1F43002B14E8 /* Base */ = {isa = PBXFileReference; lastKnownFileType = file.storyboard; name = Base; path = Base.lproj/LaunchScreen.storyboard; sourceTree = "<group>"; };
		6916B31F1E2E1F43002B14E8 /* Info.plist */ = {isa = PBXFileReference; lastKnownFileType = text.plist.xml; path = Info.plist; sourceTree = "<group>"; };
		6916B3241E2E1F44002B14E8 /* MBProgressHUD-JDragonDemoTests.xctest */ = {isa = PBXFileReference; explicitFileType = wrapper.cfbundle; includeInIndex = 0; path = "MBProgressHUD-JDragonDemoTests.xctest"; sourceTree = BUILT_PRODUCTS_DIR; };
		6916B3281E2E1F44002B14E8 /* MBProgressHUD_JDragonDemoTests.m */ = {isa = PBXFileReference; lastKnownFileType = sourcecode.c.objc; path = MBProgressHUD_JDragonDemoTests.m; sourceTree = "<group>"; };
		6916B32A1E2E1F44002B14E8 /* Info.plist */ = {isa = PBXFileReference; lastKnownFileType = text.plist.xml; path = Info.plist; sourceTree = "<group>"; };
		6916B32F1E2E1F44002B14E8 /* MBProgressHUD-JDragonDemoUITests.xctest */ = {isa = PBXFileReference; explicitFileType = wrapper.cfbundle; includeInIndex = 0; path = "MBProgressHUD-JDragonDemoUITests.xctest"; sourceTree = BUILT_PRODUCTS_DIR; };
		6916B3331E2E1F44002B14E8 /* MBProgressHUD_JDragonDemoUITests.m */ = {isa = PBXFileReference; lastKnownFileType = sourcecode.c.objc; path = MBProgressHUD_JDragonDemoUITests.m; sourceTree = "<group>"; };
		6916B3351E2E1F44002B14E8 /* Info.plist */ = {isa = PBXFileReference; lastKnownFileType = text.plist.xml; path = Info.plist; sourceTree = "<group>"; };
		6E8C112F49A05643900B4708 /* Pods-MBProgressHUD-JDragonDemo.debug.xcconfig */ = {isa = PBXFileReference; includeInIndex = 1; lastKnownFileType = text.xcconfig; name = "Pods-MBProgressHUD-JDragonDemo.debug.xcconfig"; path = "Pods/Target Support Files/Pods-MBProgressHUD-JDragonDemo/Pods-MBProgressHUD-JDragonDemo.debug.xcconfig"; sourceTree = "<group>"; };
		6F7B9FFA3EAF1596E54AFA0F /* Pods-MBProgressHUD-JDragonDemoTests.debug.xcconfig */ = {isa = PBXFileReference; includeInIndex = 1; lastKnownFileType = text.xcconfig; name = "Pods-MBProgressHUD-JDragonDemoTests.debug.xcconfig"; path = "Pods/Target Support Files/Pods-MBProgressHUD-JDragonDemoTests/Pods-MBProgressHUD-JDragonDemoTests.debug.xcconfig"; sourceTree = "<group>"; };
		77AC919B038A2782F0EEF93D /* Pods-MBProgressHUD-JDragonDemoUITests.debug.xcconfig */ = {isa = PBXFileReference; includeInIndex = 1; lastKnownFileType = text.xcconfig; name = "Pods-MBProgressHUD-JDragonDemoUITests.debug.xcconfig"; path = "Pods/Target Support Files/Pods-MBProgressHUD-JDragonDemoUITests/Pods-MBProgressHUD-JDragonDemoUITests.debug.xcconfig"; sourceTree = "<group>"; };
		B91B733B267CD6510A0EB308 /* Pods-MBProgressHUD-JDragonDemo.release.xcconfig */ = {isa = PBXFileReference; includeInIndex = 1; lastKnownFileType = text.xcconfig; name = "Pods-MBProgressHUD-JDragonDemo.release.xcconfig"; path = "Pods/Target Support Files/Pods-MBProgressHUD-JDragonDemo/Pods-MBProgressHUD-JDragonDemo.release.xcconfig"; sourceTree = "<group>"; };
		E58C9E5075BA95566C6D9996 /* libPods-MBProgressHUD-JDragonDemoTests.a */ = {isa = PBXFileReference; explicitFileType = archive.ar; includeInIndex = 0; path = "libPods-MBProgressHUD-JDragonDemoTests.a"; sourceTree = BUILT_PRODUCTS_DIR; };
		EF721B59BDD928FB57668D6F /* libPods-MBProgressHUD-JDragonDemoUITests.a */ = {isa = PBXFileReference; explicitFileType = archive.ar; includeInIndex = 0; path = "libPods-MBProgressHUD-JDragonDemoUITests.a"; sourceTree = BUILT_PRODUCTS_DIR; };
		F10D5E24D4981CF8929B45B1 /* Pods-MBProgressHUD-JDragonDemoTests.release.xcconfig */ = {isa = PBXFileReference; includeInIndex = 1; lastKnownFileType = text.xcconfig; name = "Pods-MBProgressHUD-JDragonDemoTests.release.xcconfig"; path = "Pods/Target Support Files/Pods-MBProgressHUD-JDragonDemoTests/Pods-MBProgressHUD-JDragonDemoTests.release.xcconfig"; sourceTree = "<group>"; };
/* End PBXFileReference section */

/* Begin PBXFrameworksBuildPhase section */
		6916B3051E2E1F43002B14E8 /* Frameworks */ = {
			isa = PBXFrameworksBuildPhase;
			buildActionMask = 2147483647;
			files = (
				B35E2F44CA3FB1AA2BE8463E /* libPods-MBProgressHUD-JDragonDemo.a in Frameworks */,
			);
			runOnlyForDeploymentPostprocessing = 0;
		};
		6916B3211E2E1F44002B14E8 /* Frameworks */ = {
			isa = PBXFrameworksBuildPhase;
			buildActionMask = 2147483647;
			files = (
				5B82008C7E050950F08A4F71 /* libPods-MBProgressHUD-JDragonDemoTests.a in Frameworks */,
			);
			runOnlyForDeploymentPostprocessing = 0;
		};
		6916B32C1E2E1F44002B14E8 /* Frameworks */ = {
			isa = PBXFrameworksBuildPhase;
			buildActionMask = 2147483647;
			files = (
				484A4A16F09F0A76A942329D /* libPods-MBProgressHUD-JDragonDemoUITests.a in Frameworks */,
			);
			runOnlyForDeploymentPostprocessing = 0;
		};
/* End PBXFrameworksBuildPhase section */

/* Begin PBXGroup section */
		42860E53717AE18202ECC5CB /* Frameworks */ = {
			isa = PBXGroup;
			children = (
				31DA54A6E5816685BA23C89E /* libPods-MBProgressHUD-JDragonDemo.a */,
				E58C9E5075BA95566C6D9996 /* libPods-MBProgressHUD-JDragonDemoTests.a */,
				EF721B59BDD928FB57668D6F /* libPods-MBProgressHUD-JDragonDemoUITests.a */,
			);
			name = Frameworks;
			sourceTree = "<group>";
		};
		5B754AB9819AE3AD01500898 /* Pods */ = {
			isa = PBXGroup;
			children = (
				6E8C112F49A05643900B4708 /* Pods-MBProgressHUD-JDragonDemo.debug.xcconfig */,
				B91B733B267CD6510A0EB308 /* Pods-MBProgressHUD-JDragonDemo.release.xcconfig */,
				6F7B9FFA3EAF1596E54AFA0F /* Pods-MBProgressHUD-JDragonDemoTests.debug.xcconfig */,
				F10D5E24D4981CF8929B45B1 /* Pods-MBProgressHUD-JDragonDemoTests.release.xcconfig */,
				77AC919B038A2782F0EEF93D /* Pods-MBProgressHUD-JDragonDemoUITests.debug.xcconfig */,
				3D98BA479526D31A6625160F /* Pods-MBProgressHUD-JDragonDemoUITests.release.xcconfig */,
			);
			name = Pods;
			sourceTree = "<group>";
		};
		6916B2FF1E2E1F43002B14E8 = {
			isa = PBXGroup;
			children = (
				6916B30A1E2E1F43002B14E8 /* MBProgressHUD-JDragonDemo */,
				6916B3271E2E1F44002B14E8 /* MBProgressHUD-JDragonDemoTests */,
				6916B3321E2E1F44002B14E8 /* MBProgressHUD-JDragonDemoUITests */,
				6916B3091E2E1F43002B14E8 /* Products */,
				5B754AB9819AE3AD01500898 /* Pods */,
				42860E53717AE18202ECC5CB /* Frameworks */,
			);
			sourceTree = "<group>";
		};
		6916B3091E2E1F43002B14E8 /* Products */ = {
			isa = PBXGroup;
			children = (
				6916B3081E2E1F43002B14E8 /* MBProgressHUD-JDragonDemo.app */,
				6916B3241E2E1F44002B14E8 /* MBProgressHUD-JDragonDemoTests.xctest */,
				6916B32F1E2E1F44002B14E8 /* MBProgressHUD-JDragonDemoUITests.xctest */,
			);
			name = Products;
			sourceTree = "<group>";
		};
		6916B30A1E2E1F43002B14E8 /* MBProgressHUD-JDragonDemo */ = {
			isa = PBXGroup;
			children = (
				6916B30E1E2E1F43002B14E8 /* AppDelegate.h */,
				6916B30F1E2E1F43002B14E8 /* AppDelegate.m */,
				6916B3111E2E1F43002B14E8 /* FirstViewController.h */,
				6916B3121E2E1F43002B14E8 /* FirstViewController.m */,
				6916B3141E2E1F43002B14E8 /* SecondViewController.h */,
				6916B3151E2E1F43002B14E8 /* SecondViewController.m */,
				6916B3171E2E1F43002B14E8 /* Main.storyboard */,
				6916B31A1E2E1F43002B14E8 /* Assets.xcassets */,
				6916B31C1E2E1F43002B14E8 /* LaunchScreen.storyboard */,
				6916B31F1E2E1F43002B14E8 /* Info.plist */,
				6916B30B1E2E1F43002B14E8 /* Supporting Files */,
			);
			path = "MBProgressHUD-JDragonDemo";
			sourceTree = "<group>";
		};
		6916B30B1E2E1F43002B14E8 /* Supporting Files */ = {
			isa = PBXGroup;
			children = (
				6916B30C1E2E1F43002B14E8 /* main.m */,
			);
			name = "Supporting Files";
			sourceTree = "<group>";
		};
		6916B3271E2E1F44002B14E8 /* MBProgressHUD-JDragonDemoTests */ = {
			isa = PBXGroup;
			children = (
				6916B3281E2E1F44002B14E8 /* MBProgressHUD_JDragonDemoTests.m */,
				6916B32A1E2E1F44002B14E8 /* Info.plist */,
			);
			path = "MBProgressHUD-JDragonDemoTests";
			sourceTree = "<group>";
		};
		6916B3321E2E1F44002B14E8 /* MBProgressHUD-JDragonDemoUITests */ = {
			isa = PBXGroup;
			children = (
				6916B3331E2E1F44002B14E8 /* MBProgressHUD_JDragonDemoUITests.m */,
				6916B3351E2E1F44002B14E8 /* Info.plist */,
			);
			path = "MBProgressHUD-JDragonDemoUITests";
			sourceTree = "<group>";
		};
/* End PBXGroup section */

/* Begin PBXNativeTarget section */
		6916B3071E2E1F43002B14E8 /* MBProgressHUD-JDragonDemo */ = {
			isa = PBXNativeTarget;
			buildConfigurationList = 6916B3381E2E1F44002B14E8 /* Build configuration list for PBXNativeTarget "MBProgressHUD-JDragonDemo" */;
			buildPhases = (
				2926BBE4A622735F418175BF /* [CP] Check Pods Manifest.lock */,
				6916B3041E2E1F43002B14E8 /* Sources */,
				6916B3051E2E1F43002B14E8 /* Frameworks */,
				6916B3061E2E1F43002B14E8 /* Resources */,
				8FD14016F4B1BE58CFB5FB29 /* [CP] Embed Pods Frameworks */,
				8CFA7676F7116596E5B4B270 /* [CP] Copy Pods Resources */,
			);
			buildRules = (
			);
			dependencies = (
			);
			name = "MBProgressHUD-JDragonDemo";
			productName = "MBProgressHUD-JDragonDemo";
			productReference = 6916B3081E2E1F43002B14E8 /* MBProgressHUD-JDragonDemo.app */;
			productType = "com.apple.product-type.application";
		};
		6916B3231E2E1F44002B14E8 /* MBProgressHUD-JDragonDemoTests */ = {
			isa = PBXNativeTarget;
			buildConfigurationList = 6916B33B1E2E1F44002B14E8 /* Build configuration list for PBXNativeTarget "MBProgressHUD-JDragonDemoTests" */;
			buildPhases = (
				A8D4A8386FCFA5A8DAC92FF6 /* [CP] Check Pods Manifest.lock */,
				6916B3201E2E1F44002B14E8 /* Sources */,
				6916B3211E2E1F44002B14E8 /* Frameworks */,
				6916B3221E2E1F44002B14E8 /* Resources */,
				89FDBFC3E49EF5D6B550F69F /* [CP] Embed Pods Frameworks */,
				D0D7DF2F6AA82503823DECAA /* [CP] Copy Pods Resources */,
			);
			buildRules = (
			);
			dependencies = (
				6916B3261E2E1F44002B14E8 /* PBXTargetDependency */,
			);
			name = "MBProgressHUD-JDragonDemoTests";
			productName = "MBProgressHUD-JDragonDemoTests";
			productReference = 6916B3241E2E1F44002B14E8 /* MBProgressHUD-JDragonDemoTests.xctest */;
			productType = "com.apple.product-type.bundle.unit-test";
		};
		6916B32E1E2E1F44002B14E8 /* MBProgressHUD-JDragonDemoUITests */ = {
			isa = PBXNativeTarget;
			buildConfigurationList = 6916B33E1E2E1F44002B14E8 /* Build configuration list for PBXNativeTarget "MBProgressHUD-JDragonDemoUITests" */;
			buildPhases = (
				F010E597EC74F322D674EA7C /* [CP] Check Pods Manifest.lock */,
				6916B32B1E2E1F44002B14E8 /* Sources */,
				6916B32C1E2E1F44002B14E8 /* Frameworks */,
				6916B32D1E2E1F44002B14E8 /* Resources */,
				980B4A4C95348A574514FF93 /* [CP] Embed Pods Frameworks */,
				D64FD24D685904989B1593F5 /* [CP] Copy Pods Resources */,
			);
			buildRules = (
			);
			dependencies = (
				6916B3311E2E1F44002B14E8 /* PBXTargetDependency */,
			);
			name = "MBProgressHUD-JDragonDemoUITests";
			productName = "MBProgressHUD-JDragonDemoUITests";
			productReference = 6916B32F1E2E1F44002B14E8 /* MBProgressHUD-JDragonDemoUITests.xctest */;
			productType = "com.apple.product-type.bundle.ui-testing";
		};
/* End PBXNativeTarget section */

/* Begin PBXProject section */
		6916B3001E2E1F43002B14E8 /* Project object */ = {
			isa = PBXProject;
			attributes = {
				LastUpgradeCheck = 0820;
				ORGANIZATIONNAME = JDragon;
				TargetAttributes = {
					6916B3071E2E1F43002B14E8 = {
						CreatedOnToolsVersion = 8.2.1;
						DevelopmentTeam = NBCMCCDR2L;
						ProvisioningStyle = Automatic;
					};
					6916B3231E2E1F44002B14E8 = {
						CreatedOnToolsVersion = 8.2.1;
						DevelopmentTeam = NBCMCCDR2L;
						ProvisioningStyle = Automatic;
						TestTargetID = 6916B3071E2E1F43002B14E8;
					};
					6916B32E1E2E1F44002B14E8 = {
						CreatedOnToolsVersion = 8.2.1;
						DevelopmentTeam = NBCMCCDR2L;
						ProvisioningStyle = Automatic;
						TestTargetID = 6916B3071E2E1F43002B14E8;
					};
				};
			};
			buildConfigurationList = 6916B3031E2E1F43002B14E8 /* Build configuration list for PBXProject "MBProgressHUD-JDragonDemo" */;
			compatibilityVersion = "Xcode 3.2";
			developmentRegion = English;
			hasScannedForEncodings = 0;
			knownRegions = (
				en,
				Base,
			);
			mainGroup = 6916B2FF1E2E1F43002B14E8;
			productRefGroup = 6916B3091E2E1F43002B14E8 /* Products */;
			projectDirPath = "";
			projectRoot = "";
			targets = (
				6916B3071E2E1F43002B14E8 /* MBProgressHUD-JDragonDemo */,
				6916B3231E2E1F44002B14E8 /* MBProgressHUD-JDragonDemoTests */,
				6916B32E1E2E1F44002B14E8 /* MBProgressHUD-JDragonDemoUITests */,
			);
		};
/* End PBXProject section */

/* Begin PBXResourcesBuildPhase section */
		6916B3061E2E1F43002B14E8 /* Resources */ = {
			isa = PBXResourcesBuildPhase;
			buildActionMask = 2147483647;
			files = (
				6916B31E1E2E1F43002B14E8 /* LaunchScreen.storyboard in Resources */,
				6916B31B1E2E1F43002B14E8 /* Assets.xcassets in Resources */,
				6916B3191E2E1F43002B14E8 /* Main.storyboard in Resources */,
			);
			runOnlyForDeploymentPostprocessing = 0;
		};
		6916B3221E2E1F44002B14E8 /* Resources */ = {
			isa = PBXResourcesBuildPhase;
			buildActionMask = 2147483647;
			files = (
			);
			runOnlyForDeploymentPostprocessing = 0;
		};
		6916B32D1E2E1F44002B14E8 /* Resources */ = {
			isa = PBXResourcesBuildPhase;
			buildActionMask = 2147483647;
			files = (
			);
			runOnlyForDeploymentPostprocessing = 0;
		};
/* End PBXResourcesBuildPhase section */

/* Begin PBXShellScriptBuildPhase section */
		2926BBE4A622735F418175BF /* [CP] Check Pods Manifest.lock */ = {
			isa = PBXShellScriptBuildPhase;
			buildActionMask = 2147483647;
			files = (
			);
			inputPaths = (
			);
			name = "[CP] Check Pods Manifest.lock";
			outputPaths = (
			);
			runOnlyForDeploymentPostprocessing = 0;
			shellPath = /bin/sh;
			shellScript = "diff \"${PODS_ROOT}/../Podfile.lock\" \"${PODS_ROOT}/Manifest.lock\" > /dev/null\nif [ $? != 0 ] ; then\n    # print error to STDERR\n    echo \"error: The sandbox is not in sync with the Podfile.lock. Run 'pod install' or update your CocoaPods installation.\" >&2\n    exit 1\nfi\n";
			showEnvVarsInLog = 0;
		};
		89FDBFC3E49EF5D6B550F69F /* [CP] Embed Pods Frameworks */ = {
			isa = PBXShellScriptBuildPhase;
			buildActionMask = 2147483647;
			files = (
			);
			inputPaths = (
			);
			name = "[CP] Embed Pods Frameworks";
			outputPaths = (
			);
			runOnlyForDeploymentPostprocessing = 0;
			shellPath = /bin/sh;
			shellScript = "\"${SRCROOT}/Pods/Target Support Files/Pods-MBProgressHUD-JDragonDemoTests/Pods-MBProgressHUD-JDragonDemoTests-frameworks.sh\"\n";
			showEnvVarsInLog = 0;
		};
		8CFA7676F7116596E5B4B270 /* [CP] Copy Pods Resources */ = {
			isa = PBXShellScriptBuildPhase;
			buildActionMask = 2147483647;
			files = (
			);
			inputPaths = (
			);
			name = "[CP] Copy Pods Resources";
			outputPaths = (
			);
			runOnlyForDeploymentPostprocessing = 0;
			shellPath = /bin/sh;
			shellScript = "\"${SRCROOT}/Pods/Target Support Files/Pods-MBProgressHUD-JDragonDemo/Pods-MBProgressHUD-JDragonDemo-resources.sh\"\n";
			showEnvVarsInLog = 0;
		};
		8FD14016F4B1BE58CFB5FB29 /* [CP] Embed Pods Frameworks */ = {
			isa = PBXShellScriptBuildPhase;
			buildActionMask = 2147483647;
			files = (
			);
			inputPaths = (
			);
			name = "[CP] Embed Pods Frameworks";
			outputPaths = (
			);
			runOnlyForDeploymentPostprocessing = 0;
			shellPath = /bin/sh;
			shellScript = "\"${SRCROOT}/Pods/Target Support Files/Pods-MBProgressHUD-JDragonDemo/Pods-MBProgressHUD-JDragonDemo-frameworks.sh\"\n";
			showEnvVarsInLog = 0;
		};
		980B4A4C95348A574514FF93 /* [CP] Embed Pods Frameworks */ = {
			isa = PBXShellScriptBuildPhase;
			buildActionMask = 2147483647;
			files = (
			);
			inputPaths = (
			);
			name = "[CP] Embed Pods Frameworks";
			outputPaths = (
			);
			runOnlyForDeploymentPostprocessing = 0;
			shellPath = /bin/sh;
			shellScript = "\"${SRCROOT}/Pods/Target Support Files/Pods-MBProgressHUD-JDragonDemoUITests/Pods-MBProgressHUD-JDragonDemoUITests-frameworks.sh\"\n";
			showEnvVarsInLog = 0;
		};
		A8D4A8386FCFA5A8DAC92FF6 /* [CP] Check Pods Manifest.lock */ = {
			isa = PBXShellScriptBuildPhase;
			buildActionMask = 2147483647;
			files = (
			);
			inputPaths = (
			);
			name = "[CP] Check Pods Manifest.lock";
			outputPaths = (
			);
			runOnlyForDeploymentPostprocessing = 0;
			shellPath = /bin/sh;
			shellScript = "diff \"${PODS_ROOT}/../Podfile.lock\" \"${PODS_ROOT}/Manifest.lock\" > /dev/null\nif [ $? != 0 ] ; then\n    # print error to STDERR\n    echo \"error: The sandbox is not in sync with the Podfile.lock. Run 'pod install' or update your CocoaPods installation.\" >&2\n    exit 1\nfi\n";
			showEnvVarsInLog = 0;
		};
		D0D7DF2F6AA82503823DECAA /* [CP] Copy Pods Resources */ = {
			isa = PBXShellScriptBuildPhase;
			buildActionMask = 2147483647;
			files = (
			);
			inputPaths = (
			);
			name = "[CP] Copy Pods Resources";
			outputPaths = (
			);
			runOnlyForDeploymentPostprocessing = 0;
			shellPath = /bin/sh;
			shellScript = "\"${SRCROOT}/Pods/Target Support Files/Pods-MBProgressHUD-JDragonDemoTests/Pods-MBProgressHUD-JDragonDemoTests-resources.sh\"\n";
			showEnvVarsInLog = 0;
		};
		D64FD24D685904989B1593F5 /* [CP] Copy Pods Resources */ = {
			isa = PBXShellScriptBuildPhase;
			buildActionMask = 2147483647;
			files = (
			);
			inputPaths = (
			);
			name = "[CP] Copy Pods Resources";
			outputPaths = (
			);
			runOnlyForDeploymentPostprocessing = 0;
			shellPath = /bin/sh;
			shellScript = "\"${SRCROOT}/Pods/Target Support Files/Pods-MBProgressHUD-JDragonDemoUITests/Pods-MBProgressHUD-JDragonDemoUITests-resources.sh\"\n";
			showEnvVarsInLog = 0;
		};
		F010E597EC74F322D674EA7C /* [CP] Check Pods Manifest.lock */ = {
			isa = PBXShellScriptBuildPhase;
			buildActionMask = 2147483647;
			files = (
			);
			inputPaths = (
			);
			name = "[CP] Check Pods Manifest.lock";
			outputPaths = (
			);
			runOnlyForDeploymentPostprocessing = 0;
			shellPath = /bin/sh;
			shellScript = "diff \"${PODS_ROOT}/../Podfile.lock\" \"${PODS_ROOT}/Manifest.lock\" > /dev/null\nif [ $? != 0 ] ; then\n    # print error to STDERR\n    echo \"error: The sandbox is not in sync with the Podfile.lock. Run 'pod install' or update your CocoaPods installation.\" >&2\n    exit 1\nfi\n";
			showEnvVarsInLog = 0;
		};
/* End PBXShellScriptBuildPhase section */

/* Begin PBXSourcesBuildPhase section */
		6916B3041E2E1F43002B14E8 /* Sources */ = {
			isa = PBXSourcesBuildPhase;
			buildActionMask = 2147483647;
			files = (
				6916B3161E2E1F43002B14E8 /* SecondViewController.m in Sources */,
				6916B3101E2E1F43002B14E8 /* AppDelegate.m in Sources */,
				6916B3131E2E1F43002B14E8 /* FirstViewController.m in Sources */,
				6916B30D1E2E1F43002B14E8 /* main.m in Sources */,
			);
			runOnlyForDeploymentPostprocessing = 0;
		};
		6916B3201E2E1F44002B14E8 /* Sources */ = {
			isa = PBXSourcesBuildPhase;
			buildActionMask = 2147483647;
			files = (
				6916B3291E2E1F44002B14E8 /* MBProgressHUD_JDragonDemoTests.m in Sources */,
			);
			runOnlyForDeploymentPostprocessing = 0;
		};
		6916B32B1E2E1F44002B14E8 /* Sources */ = {
			isa = PBXSourcesBuildPhase;
			buildActionMask = 2147483647;
			files = (
				6916B3341E2E1F44002B14E8 /* MBProgressHUD_JDragonDemoUITests.m in Sources */,
			);
			runOnlyForDeploymentPostprocessing = 0;
		};
/* End PBXSourcesBuildPhase section */

/* Begin PBXTargetDependency section */
		6916B3261E2E1F44002B14E8 /* PBXTargetDependency */ = {
			isa = PBXTargetDependency;
			target = 6916B3071E2E1F43002B14E8 /* MBProgressHUD-JDragonDemo */;
			targetProxy = 6916B3251E2E1F44002B14E8 /* PBXContainerItemProxy */;
		};
		6916B3311E2E1F44002B14E8 /* PBXTargetDependency */ = {
			isa = PBXTargetDependency;
			target = 6916B3071E2E1F43002B14E8 /* MBProgressHUD-JDragonDemo */;
			targetProxy = 6916B3301E2E1F44002B14E8 /* PBXContainerItemProxy */;
		};
/* End PBXTargetDependency section */

/* Begin PBXVariantGroup section */
		6916B3171E2E1F43002B14E8 /* Main.storyboard */ = {
			isa = PBXVariantGroup;
			children = (
				6916B3181E2E1F43002B14E8 /* Base */,
			);
			name = Main.storyboard;
			sourceTree = "<group>";
		};
		6916B31C1E2E1F43002B14E8 /* LaunchScreen.storyboard */ = {
			isa = PBXVariantGroup;
			children = (
				6916B31D1E2E1F43002B14E8 /* Base */,
			);
			name = LaunchScreen.storyboard;
			sourceTree = "<group>";
		};
/* End PBXVariantGroup section */

/* Begin XCBuildConfiguration section */
		6916B3361E2E1F44002B14E8 /* Debug */ = {
			isa = XCBuildConfiguration;
			buildSettings = {
				ALWAYS_SEARCH_USER_PATHS = NO;
				CLANG_ANALYZER_NONNULL = YES;
				CLANG_CXX_LANGUAGE_STANDARD = "gnu++0x";
				CLANG_CXX_LIBRARY = "libc++";
				CLANG_ENABLE_MODULES = YES;
				CLANG_ENABLE_OBJC_ARC = YES;
				CLANG_WARN_BOOL_CONVERSION = YES;
				CLANG_WARN_CONSTANT_CONVERSION = YES;
				CLANG_WARN_DIRECT_OBJC_ISA_USAGE = YES_ERROR;
				CLANG_WARN_DOCUMENTATION_COMMENTS = YES;
				CLANG_WARN_EMPTY_BODY = YES;
				CLANG_WARN_ENUM_CONVERSION = YES;
				CLANG_WARN_INFINITE_RECURSION = YES;
				CLANG_WARN_INT_CONVERSION = YES;
				CLANG_WARN_OBJC_ROOT_CLASS = YES_ERROR;
				CLANG_WARN_SUSPICIOUS_MOVE = YES;
				CLANG_WARN_UNREACHABLE_CODE = YES;
				CLANG_WARN__DUPLICATE_METHOD_MATCH = YES;
				"CODE_SIGN_IDENTITY[sdk=iphoneos*]" = "iPhone Developer";
				COPY_PHASE_STRIP = NO;
				DEBUG_INFORMATION_FORMAT = dwarf;
				ENABLE_STRICT_OBJC_MSGSEND = YES;
				ENABLE_TESTABILITY = YES;
				GCC_C_LANGUAGE_STANDARD = gnu99;
				GCC_DYNAMIC_NO_PIC = NO;
				GCC_NO_COMMON_BLOCKS = YES;
				GCC_OPTIMIZATION_LEVEL = 0;
				GCC_PREPROCESSOR_DEFINITIONS = (
					"DEBUG=1",
					"$(inherited)",
				);
				GCC_WARN_64_TO_32_BIT_CONVERSION = YES;
				GCC_WARN_ABOUT_RETURN_TYPE = YES_ERROR;
				GCC_WARN_UNDECLARED_SELECTOR = YES;
				GCC_WARN_UNINITIALIZED_AUTOS = YES_AGGRESSIVE;
				GCC_WARN_UNUSED_FUNCTION = YES;
				GCC_WARN_UNUSED_VARIABLE = YES;
				IPHONEOS_DEPLOYMENT_TARGET = 10.2;
				MTL_ENABLE_DEBUG_INFO = YES;
				ONLY_ACTIVE_ARCH = YES;
				SDKROOT = iphoneos;
				TARGETED_DEVICE_FAMILY = "1,2";
			};
			name = Debug;
		};
		6916B3371E2E1F44002B14E8 /* Release */ = {
			isa = XCBuildConfiguration;
			buildSettings = {
				ALWAYS_SEARCH_USER_PATHS = NO;
				CLANG_ANALYZER_NONNULL = YES;
				CLANG_CXX_LANGUAGE_STANDARD = "gnu++0x";
				CLANG_CXX_LIBRARY = "libc++";
				CLANG_ENABLE_MODULES = YES;
				CLANG_ENABLE_OBJC_ARC = YES;
				CLANG_WARN_BOOL_CONVERSION = YES;
				CLANG_WARN_CONSTANT_CONVERSION = YES;
				CLANG_WARN_DIRECT_OBJC_ISA_USAGE = YES_ERROR;
				CLANG_WARN_DOCUMENTATION_COMMENTS = YES;
				CLANG_WARN_EMPTY_BODY = YES;
				CLANG_WARN_ENUM_CONVERSION = YES;
				CLANG_WARN_INFINITE_RECURSION = YES;
				CLANG_WARN_INT_CONVERSION = YES;
				CLANG_WARN_OBJC_ROOT_CLASS = YES_ERROR;
				CLANG_WARN_SUSPICIOUS_MOVE = YES;
				CLANG_WARN_UNREACHABLE_CODE = YES;
				CLANG_WARN__DUPLICATE_METHOD_MATCH = YES;
				"CODE_SIGN_IDENTITY[sdk=iphoneos*]" = "iPhone Developer";
				COPY_PHASE_STRIP = NO;
				DEBUG_INFORMATION_FORMAT = "dwarf-with-dsym";
				ENABLE_NS_ASSERTIONS = NO;
				ENABLE_STRICT_OBJC_MSGSEND = YES;
				GCC_C_LANGUAGE_STANDARD = gnu99;
				GCC_NO_COMMON_BLOCKS = YES;
				GCC_WARN_64_TO_32_BIT_CONVERSION = YES;
				GCC_WARN_ABOUT_RETURN_TYPE = YES_ERROR;
				GCC_WARN_UNDECLARED_SELECTOR = YES;
				GCC_WARN_UNINITIALIZED_AUTOS = YES_AGGRESSIVE;
				GCC_WARN_UNUSED_FUNCTION = YES;
				GCC_WARN_UNUSED_VARIABLE = YES;
				IPHONEOS_DEPLOYMENT_TARGET = 10.2;
				MTL_ENABLE_DEBUG_INFO = NO;
				SDKROOT = iphoneos;
				TARGETED_DEVICE_FAMILY = "1,2";
				VALIDATE_PRODUCT = YES;
			};
			name = Release;
		};
		6916B3391E2E1F44002B14E8 /* Debug */ = {
			isa = XCBuildConfiguration;
			baseConfigurationReference = 6E8C112F49A05643900B4708 /* Pods-MBProgressHUD-JDragonDemo.debug.xcconfig */;
			buildSettings = {
				ASSETCATALOG_COMPILER_APPICON_NAME = AppIcon;
				DEVELOPMENT_TEAM = NBCMCCDR2L;
				INFOPLIST_FILE = "MBProgressHUD-JDragonDemo/Info.plist";
				LD_RUNPATH_SEARCH_PATHS = "$(inherited) @executable_path/Frameworks";
				PRODUCT_BUNDLE_IDENTIFIER = "com.ruthout.MBProgressHUD-JDragonDemo";
				PRODUCT_NAME = "$(TARGET_NAME)";
			};
			name = Debug;
		};
		6916B33A1E2E1F44002B14E8 /* Release */ = {
			isa = XCBuildConfiguration;
			baseConfigurationReference = B91B733B267CD6510A0EB308 /* Pods-MBProgressHUD-JDragonDemo.release.xcconfig */;
			buildSettings = {
				ASSETCATALOG_COMPILER_APPICON_NAME = AppIcon;
				DEVELOPMENT_TEAM = NBCMCCDR2L;
				INFOPLIST_FILE = "MBProgressHUD-JDragonDemo/Info.plist";
				LD_RUNPATH_SEARCH_PATHS = "$(inherited) @executable_path/Frameworks";
				PRODUCT_BUNDLE_IDENTIFIER = "com.ruthout.MBProgressHUD-JDragonDemo";
				PRODUCT_NAME = "$(TARGET_NAME)";
			};
			name = Release;
		};
		6916B33C1E2E1F44002B14E8 /* Debug */ = {
			isa = XCBuildConfiguration;
			baseConfigurationReference = 6F7B9FFA3EAF1596E54AFA0F /* Pods-MBProgressHUD-JDragonDemoTests.debug.xcconfig */;
			buildSettings = {
				BUNDLE_LOADER = "$(TEST_HOST)";
				DEVELOPMENT_TEAM = NBCMCCDR2L;
				INFOPLIST_FILE = "MBProgressHUD-JDragonDemoTests/Info.plist";
				LD_RUNPATH_SEARCH_PATHS = "$(inherited) @executable_path/Frameworks @loader_path/Frameworks";
				PRODUCT_BUNDLE_IDENTIFIER = "com.ruthout.MBProgressHUD-JDragonDemoTests";
				PRODUCT_NAME = "$(TARGET_NAME)";
				TEST_HOST = "$(BUILT_PRODUCTS_DIR)/MBProgressHUD-JDragonDemo.app/MBProgressHUD-JDragonDemo";
			};
			name = Debug;
		};
		6916B33D1E2E1F44002B14E8 /* Release */ = {
			isa = XCBuildConfiguration;
			baseConfigurationReference = F10D5E24D4981CF8929B45B1 /* Pods-MBProgressHUD-JDragonDemoTests.release.xcconfig */;
			buildSettings = {
				BUNDLE_LOADER = "$(TEST_HOST)";
				DEVELOPMENT_TEAM = NBCMCCDR2L;
				INFOPLIST_FILE = "MBProgressHUD-JDragonDemoTests/Info.plist";
				LD_RUNPATH_SEARCH_PATHS = "$(inherited) @executable_path/Frameworks @loader_path/Frameworks";
				PRODUCT_BUNDLE_IDENTIFIER = "com.ruthout.MBProgressHUD-JDragonDemoTests";
				PRODUCT_NAME = "$(TARGET_NAME)";
				TEST_HOST = "$(BUILT_PRODUCTS_DIR)/MBProgressHUD-JDragonDemo.app/MBProgressHUD-JDragonDemo";
			};
			name = Release;
		};
		6916B33F1E2E1F44002B14E8 /* Debug */ = {
			isa = XCBuildConfiguration;
			baseConfigurationReference = 77AC919B038A2782F0EEF93D /* Pods-MBProgressHUD-JDragonDemoUITests.debug.xcconfig */;
			buildSettings = {
				DEVELOPMENT_TEAM = NBCMCCDR2L;
				INFOPLIST_FILE = "MBProgressHUD-JDragonDemoUITests/Info.plist";
				LD_RUNPATH_SEARCH_PATHS = "$(inherited) @executable_path/Frameworks @loader_path/Frameworks";
				PRODUCT_BUNDLE_IDENTIFIER = "com.ruthout.MBProgressHUD-JDragonDemoUITests";
				PRODUCT_NAME = "$(TARGET_NAME)";
				TEST_TARGET_NAME = "MBProgressHUD-JDragonDemo";
			};
			name = Debug;
		};
		6916B3401E2E1F44002B14E8 /* Release */ = {
			isa = XCBuildConfiguration;
			baseConfigurationReference = 3D98BA479526D31A6625160F /* Pods-MBProgressHUD-JDragonDemoUITests.release.xcconfig */;
			buildSettings = {
				DEVELOPMENT_TEAM = NBCMCCDR2L;
				INFOPLIST_FILE = "MBProgressHUD-JDragonDemoUITests/Info.plist";
				LD_RUNPATH_SEARCH_PATHS = "$(inherited) @executable_path/Frameworks @loader_path/Frameworks";
				PRODUCT_BUNDLE_IDENTIFIER = "com.ruthout.MBProgressHUD-JDragonDemoUITests";
				PRODUCT_NAME = "$(TARGET_NAME)";
				TEST_TARGET_NAME = "MBProgressHUD-JDragonDemo";
			};
			name = Release;
		};
/* End XCBuildConfiguration section */

/* Begin XCConfigurationList section */
		6916B3031E2E1F43002B14E8 /* Build configuration list for PBXProject "MBProgressHUD-JDragonDemo" */ = {
			isa = XCConfigurationList;
			buildConfigurations = (
				6916B3361E2E1F44002B14E8 /* Debug */,
				6916B3371E2E1F44002B14E8 /* Release */,
			);
			defaultConfigurationIsVisible = 0;
			defaultConfigurationName = Release;
		};
		6916B3381E2E1F44002B14E8 /* Build configuration list for PBXNativeTarget "MBProgressHUD-JDragonDemo" */ = {
			isa = XCConfigurationList;
			buildConfigurations = (
				6916B3391E2E1F44002B14E8 /* Debug */,
				6916B33A1E2E1F44002B14E8 /* Release */,
			);
			defaultConfigurationIsVisible = 0;
		};
		6916B33B1E2E1F44002B14E8 /* Build configuration list for PBXNativeTarget "MBProgressHUD-JDragonDemoTests" */ = {
			isa = XCConfigurationList;
			buildConfigurations = (
				6916B33C1E2E1F44002B14E8 /* Debug */,
				6916B33D1E2E1F44002B14E8 /* Release */,
			);
			defaultConfigurationIsVisible = 0;
		};
		6916B33E1E2E1F44002B14E8 /* Build configuration list for PBXNativeTarget "MBProgressHUD-JDragonDemoUITests" */ = {
			isa = XCConfigurationList;
			buildConfigurations = (
				6916B33F1E2E1F44002B14E8 /* Debug */,
				6916B3401E2E1F44002B14E8 /* Release */,
			);
			defaultConfigurationIsVisible = 0;
		};
/* End XCConfigurationList section */
	};
	rootObject = 6916B3001E2E1F43002B14E8 /* Project object */;
}
